
Microsoft Visual Studio Solution File, Format Version 12.00
# Visual Studio Version 17
VisualStudioVersion = 17.11.35327.3
MinimumVisualStudioVersion = 10.0.40219.1
Project("{FAE04EC0-301F-11D3-BF4B-00C04F79EFBC}") = "JeuDeBalle", "JeuDeBalle.csproj", "{C38C2351-C100-46D5-A3AD-33C2FF9C3999}"
EndProject
Project("{FAE04EC0-301F-11D3-BF4B-00C04F79EFBC}") = "UnitTestBuilding", "..\UnitTestBuilding\UnitTestBuilding.csproj", "{F928B89F-C474-40C6-ACCA-19DA4D2CCA24}"
EndProject
Global
	GlobalSection(SolutionConfigurationPlatforms) = preSolution
		Debug|Any CPU = Debug|Any CPU
		Release|Any CPU = Release|Any CPU
	EndGlobalSection
	GlobalSection(ProjectConfigurationPlatforms) = postSolution
		{C38C2351-C100-46D5-A3AD-33C2FF9C3999}.Debug|Any CPU.ActiveCfg = Debug|Any CPU
		{C38C2351-C100-46D5-A3AD-33C2FF9C3999}.Debug|Any CPU.Build.0 = Debug|Any CPU
		{C38C2351-C100-46D5-A3AD-33C2FF9C3999}.Release|Any CPU.ActiveCfg = Release|Any CPU
		{C38C2351-C100-46D5-A3AD-33C2FF9C3999}.Release|Any CPU.Build.0 = Release|Any CPU
		{F928B89F-C474-40C6-ACCA-19DA4D2CCA24}.Debug|Any CPU.ActiveCfg = Debug|Any CPU
		{F928B89F-C474-40C6-ACCA-19DA4D2CCA24}.Debug|Any CPU.Build.0 = Debug|Any CPU
		{F928B89F-C474-40C6-ACCA-19DA4D2CCA24}.Release|Any CPU.ActiveCfg = Release|Any CPU
		{F928B89F-C474-40C6-ACCA-19DA4D2CCA24}.Release|Any CPU.Build.0 = Release|Any CPU
	EndGlobalSection
	GlobalSection(SolutionProperties) = preSolution
		HideSolutionNode = FALSE
	EndGlobalSection
	GlobalSection(ExtensibilityGlobals) = postSolution
		SolutionGuid = {1C322550-27C7-46B9-AF65-F5D866CD6514}
	EndGlobalSection
EndGlobal
